<?xml version="1.0" encoding="utf-8"?>
<Project ToolsVersion="4.0" xmlns="http://schemas.microsoft.com/developer/msbuild/2003">
  <ItemGroup>
    <Filter Include="Исходные файлы">
      <UniqueIdentifier>{4FC737F1-C7A5-4376-A066-2A32D752A2FF}</UniqueIdentifier>
      <Extensions>cpp;c;cc;cxx;c++;cppm;ixx;def;odl;idl;hpj;bat;asm;asmx</Extensions>
    </Filter>
    <Filter Include="Файлы заголовков">
      <UniqueIdentifier>{93995380-89BD-4b04-88EB-625FBE52EBFB}</UniqueIdentifier>
      <Extensions>h;hh;hpp;hxx;h++;hm;inl;inc;ipp;xsd</Extensions>
    </Filter>
    <Filter Include="Файлы ресурсов">
      <UniqueIdentifier>{67DA6AB6-F800-4c08-8B7A-83BB121AAD01}</UniqueIdentifier>
      <Extensions>rc;ico;cur;bmp;dlg;rc2;rct;bin;rgs;gif;jpg;jpeg;jpe;resx;tiff;tif;png;wav;mfcribbon-ms</Extensions>
    </Filter>
    <Filter Include="include">
      <UniqueIdentifier>{f83a4f15-1f3e-43cd-b1f1-6c7c83d64b96}</UniqueIdentifier>
    </Filter>
    <Filter Include="src">
      <UniqueIdentifier>{dfcd56e1-41ae-4573-8caa-a04a1044991f}</UniqueIdentifier>
    </Filter>
    <Filter Include="include\MemoryExchange">
      <UniqueIdentifier>{b160f900-4640-4305-a350-ef1f86441401}</UniqueIdentifier>
    </Filter>
  </ItemGroup>
  <ItemGroup>
    <ClInclude Include="framework.h">
      <Filter>Файлы заголовков</Filter>
    </ClInclude>
    <ClInclude Include="pch.h">
      <Filter>Файлы заголовков</Filter>
    </ClInclude>
    <ClInclude Include="include\MemoryExchange\shared_data_types.h">
      <Filter>include\MemoryExchange</Filter>
    </ClInclude>
    <ClInclude Include="include\MemoryExchange\i_memory_data_handler.h">
      <Filter>include\MemoryExchange</Filter>
    </ClInclude>
    <ClInclude Include="include\MemoryExchange\memory_base.h">
      <Filter>include\MemoryExchange</Filter>
    </ClInclude>
    <ClInclude Include="include\MemoryExchange\memory_nome.h">
      <Filter>include\MemoryExchange</Filter>
    </ClInclude>
    <ClInclude Include="include\MemoryExchange\memory_processor.h">
      <Filter>include\MemoryExchange</Filter>
    </ClInclude>
    <ClInclude Include="include\MemoryExchange\my_msgpack_adapters.h">
      <Filter>include\MemoryExchange</Filter>
    </ClInclude>
  </ItemGroup>
  <ItemGroup>
    <ClCompile Include="Nexus.MemoryExchange.cpp">
      <Filter>Исходные файлы</Filter>
    </ClCompile>
    <ClCompile Include="pch.cpp">
      <Filter>Исходные файлы</Filter>
    </ClCompile>
    <ClCompile Include="src\memory_base.cpp">
      <Filter>src</Filter>
    </ClCompile>
    <ClCompile Include="src\memory_nome.cpp">
      <Filter>src</Filter>
    </ClCompile>
    <ClCompile Include="src\memory_processor.cpp">
      <Filter>src</Filter>
    </ClCompile>
  </ItemGroup>
  <ItemGroup>
    <None Include="MemoryExchange.props" />
  </ItemGroup>
</Project>