<?xml version="1.0" encoding="utf-8"?>
<Project ToolsVersion="4.0" xmlns="http://schemas.microsoft.com/developer/msbuild/2003">
  <ItemGroup>
    <Filter Include="Исходные файлы">
      <UniqueIdentifier>{4FC737F1-C7A5-4376-A066-2A32D752A2FF}</UniqueIdentifier>
      <Extensions>cpp;c;cc;cxx;c++;cppm;ixx;def;odl;idl;hpj;bat;asm;asmx</Extensions>
    </Filter>
    <Filter Include="Файлы заголовков">
      <UniqueIdentifier>{93995380-89BD-4b04-88EB-625FBE52EBFB}</UniqueIdentifier>
      <Extensions>h;hh;hpp;hxx;h++;hm;inl;inc;ipp;xsd</Extensions>
    </Filter>
    <Filter Include="Файлы ресурсов">
      <UniqueIdentifier>{67DA6AB6-F800-4c08-8B7A-83BB121AAD01}</UniqueIdentifier>
      <Extensions>rc;ico;cur;bmp;dlg;rc2;rct;bin;rgs;gif;jpg;jpeg;jpe;resx;tiff;tif;png;wav;mfcribbon-ms</Extensions>
    </Filter>
    <Filter Include="include">
      <UniqueIdentifier>{acbc8ea4-dae0-4415-8b5f-49bce50123c4}</UniqueIdentifier>
    </Filter>
    <Filter Include="src">
      <UniqueIdentifier>{ff1a0170-7225-4bcf-b456-4cccfa1b5662}</UniqueIdentifier>
    </Filter>
    <Filter Include="include\CudaModule">
      <UniqueIdentifier>{7b8bc73b-a35d-455e-9868-3eb39e90c21a}</UniqueIdentifier>
    </Filter>
  </ItemGroup>
  <ItemGroup>
    <ClInclude Include="framework.h">
      <Filter>Файлы заголовков</Filter>
    </ClInclude>
    <ClInclude Include="pch.h">
      <Filter>Файлы заголовков</Filter>
    </ClInclude>
    <ClInclude Include="include\CudaModule\MCuda.h">
      <Filter>include\CudaModule</Filter>
    </ClInclude>
    <ClInclude Include="include\CudaModule\TempSensor.h">
      <Filter>include\CudaModule</Filter>
    </ClInclude>
    <ClInclude Include="include\CudaModule\TemperatureTask.h">
      <Filter>include\CudaModule</Filter>
    </ClInclude>
    <ClInclude Include="include\CudaModule\ActiveCoresTask.h">
      <Filter>include\CudaModule</Filter>
    </ClInclude>
    <ClInclude Include="include\CudaModule\SignalSynth.h">
      <Filter>include\CudaModule</Filter>
    </ClInclude>
  </ItemGroup>
  <ItemGroup>
    <ClCompile Include="CudaModule.cpp">
      <Filter>Исходные файлы</Filter>
    </ClCompile>
    <ClCompile Include="pch.cpp">
      <Filter>Исходные файлы</Filter>
    </ClCompile>
    <ClCompile Include="src\MCuda.cpp">
      <Filter>src</Filter>
    </ClCompile>
  </ItemGroup>
  <ItemGroup>
    <None Include="MCuda.props" />
  </ItemGroup>
</Project>